
Microsoft Visual Studio Solution File, Format Version 12.00
# Visual Studio Express 2012 for Windows Desktop
Project("{FAE04EC0-301F-11D3-BF4B-00C04F79EFBC}") = "hwcp", "hwcp.csproj", "{EE7E5191-A4A6-45A7-B6D2-5C63DFA4E590}"
EndProject
Global
	GlobalSection(SolutionConfigurationPlatforms) = preSolution
		Debug|Any CPU = Debug|Any CPU
		Release|Any CPU = Release|Any CPU
	EndGlobalSection
	GlobalSection(ProjectConfigurationPlatforms) = postSolution
		{EE7E5191-A4A6-45A7-B6D2-5C63DFA4E590}.Debug|Any CPU.ActiveCfg = Debug|Any CPU
		{EE7E5191-A4A6-45A7-B6D2-5C63DFA4E590}.Debug|Any CPU.Build.0 = Debug|Any CPU
		{EE7E5191-A4A6-45A7-B6D2-5C63DFA4E590}.Release|Any CPU.ActiveCfg = Release|Any CPU
		{EE7E5191-A4A6-45A7-B6D2-5C63DFA4E590}.Release|Any CPU.Build.0 = Release|Any CPU
	EndGlobalSection
	GlobalSection(SolutionProperties) = preSolution
		HideSolutionNode = FALSE
	EndGlobalSection
EndGlobal
