<?xml version="1.0" encoding="utf-8"?>
<Project ToolsVersion="4.0" xmlns="http://schemas.microsoft.com/developer/msbuild/2003">
  <ItemGroup>
    <Filter Include="リソース ファイル">
      <UniqueIdentifier>{67DA6AB6-F800-4c08-8B7A-83BB121AAD01}</UniqueIdentifier>
      <Extensions>rc;ico;cur;bmp;dlg;rc2;rct;bin;rgs;gif;jpg;jpeg;jpe;resx;tiff;tif;png;wav;mfcribbon-ms</Extensions>
    </Filter>
    <Filter Include="src">
      <UniqueIdentifier>{effd56ef-77b9-4826-8ff4-4dd8a4f04d9e}</UniqueIdentifier>
    </Filter>
  </ItemGroup>
  <ItemGroup>
    <ClCompile Include="..\src\main.c">
      <Filter>src</Filter>
    </ClCompile>
    <ClCompile Include="..\src\reader.c">
      <Filter>src</Filter>
    </ClCompile>
    <ClCompile Include="..\src\hwgm.c">
      <Filter>src</Filter>
    </ClCompile>
    <ClCompile Include="..\src\writer.c">
      <Filter>src</Filter>
    </ClCompile>
  </ItemGroup>
  <ItemGroup>
    <ClInclude Include="..\src\reader.h">
      <Filter>src</Filter>
    </ClInclude>
    <ClInclude Include="..\src\hwgm.h">
      <Filter>src</Filter>
    </ClInclude>
    <ClInclude Include="..\src\writer.h">
      <Filter>src</Filter>
    </ClInclude>
  </ItemGroup>
</Project>