<?xml version="1.0" encoding="utf-8"?>
<Project ToolsVersion="4.0" xmlns="http://schemas.microsoft.com/developer/msbuild/2003">
  <ItemGroup>
    <None Include="ReadMe.txt" />
  </ItemGroup>
  <ItemGroup>
    <Filter Include="src">
      <UniqueIdentifier>{9ea0bc68-5987-412a-8ff4-7dd7bdfa528e}</UniqueIdentifier>
    </Filter>
    <Filter Include="include">
      <UniqueIdentifier>{26f0cd1a-bd17-4453-a96f-33eb2cdfa86a}</UniqueIdentifier>
    </Filter>
  </ItemGroup>
  <ItemGroup>
    <ClInclude Include="..\include\hw\collection\doubly_link.h">
      <Filter>include</Filter>
    </ClInclude>
    <ClInclude Include="..\include\hw\collection\doubly_list.h">
      <Filter>include</Filter>
    </ClInclude>
    <ClInclude Include="..\include\hw\collection\singly_link.h">
      <Filter>include</Filter>
    </ClInclude>
    <ClInclude Include="..\include\hw\collection\singly_list.h">
      <Filter>include</Filter>
    </ClInclude>
    <ClInclude Include="..\include\hw\config.h">
      <Filter>include</Filter>
    </ClInclude>
    <ClInclude Include="..\include\hw\debug\assert.h">
      <Filter>include</Filter>
    </ClInclude>
    <ClInclude Include="..\include\hw\debug\internal\assert_log.h">
      <Filter>include</Filter>
    </ClInclude>
    <ClInclude Include="..\include\hw\debug\internal\debug_log.h">
      <Filter>include</Filter>
    </ClInclude>
    <ClInclude Include="..\include\hw\debug\log.h">
      <Filter>include</Filter>
    </ClInclude>
    <ClInclude Include="..\include\hw\hash\crc.h">
      <Filter>include</Filter>
    </ClInclude>
    <ClInclude Include="..\include\hw\hash\fnv.h">
      <Filter>include</Filter>
    </ClInclude>
    <ClInclude Include="..\include\hw\memory\allocator.h">
      <Filter>include</Filter>
    </ClInclude>
    <ClInclude Include="..\include\hw\memory\internal\unit_heap_list.h">
      <Filter>include</Filter>
    </ClInclude>
    <ClInclude Include="..\include\hw\memory\internal\unit_memory.h">
      <Filter>include</Filter>
    </ClInclude>
    <ClInclude Include="..\include\hw\memory\ring_heap.h">
      <Filter>include</Filter>
    </ClInclude>
    <ClInclude Include="..\include\hw\memory\small_object_heap.h">
      <Filter>include</Filter>
    </ClInclude>
    <ClInclude Include="..\include\hw\memory\stack_heap.h">
      <Filter>include</Filter>
    </ClInclude>
    <ClInclude Include="..\include\hw\memory\unit_heap.h">
      <Filter>include</Filter>
    </ClInclude>
    <ClInclude Include="..\include\hw\platform.h">
      <Filter>include</Filter>
    </ClInclude>
    <ClInclude Include="..\include\hw\types.h">
      <Filter>include</Filter>
    </ClInclude>
    <ClInclude Include="..\include\hw\utility.h">
      <Filter>include</Filter>
    </ClInclude>
  </ItemGroup>
  <ItemGroup>
    <ClCompile Include="..\src\hw\collection\doubly_list.c">
      <Filter>src</Filter>
    </ClCompile>
    <ClCompile Include="..\src\hw\collection\singly_list.c">
      <Filter>src</Filter>
    </ClCompile>
    <ClCompile Include="..\src\hw\debug\internal\assert_log.c">
      <Filter>src</Filter>
    </ClCompile>
    <ClCompile Include="..\src\hw\debug\internal\debug_log.c">
      <Filter>src</Filter>
    </ClCompile>
    <ClCompile Include="..\src\hw\hash\crc.c">
      <Filter>src</Filter>
    </ClCompile>
    <ClCompile Include="..\src\hw\hash\fnv.c">
      <Filter>src</Filter>
    </ClCompile>
    <ClCompile Include="..\src\hw\memory\allocator.c">
      <Filter>src</Filter>
    </ClCompile>
    <ClCompile Include="..\src\hw\memory\internal\unit_heap_list.c">
      <Filter>src</Filter>
    </ClCompile>
    <ClCompile Include="..\src\hw\memory\internal\unit_memory.c">
      <Filter>src</Filter>
    </ClCompile>
    <ClCompile Include="..\src\hw\memory\ring_heap.c">
      <Filter>src</Filter>
    </ClCompile>
    <ClCompile Include="..\src\hw\memory\small_object_heap.c">
      <Filter>src</Filter>
    </ClCompile>
    <ClCompile Include="..\src\hw\memory\stack_heap.c">
      <Filter>src</Filter>
    </ClCompile>
    <ClCompile Include="..\src\hw\memory\unit_heap.c">
      <Filter>src</Filter>
    </ClCompile>
  </ItemGroup>
</Project>